
Microsoft Visual Studio Solution File, Format Version 12.00
# Visual Studio Version 17
VisualStudioVersion = 17.8.34112.27
MinimumVisualStudioVersion = 10.0.40219.1
Project("{2150E333-8FDC-42A3-9474-1A3956D46DE8}") = "FrontEnd", "FrontEnd", "{96D08486-9F9D-4BB8-9E4E-3ED826C6FF84}"
EndProject
Project("{2150E333-8FDC-42A3-9474-1A3956D46DE8}") = "Gateway", "Gateway", "{61D83CA2-E90A-4062-80B1-90744FF7BE96}"
EndProject
Project("{2150E333-8FDC-42A3-9474-1A3956D46DE8}") = "Integration", "Integration", "{512ABF42-2BCC-4E49-8639-D7D6F96F9C56}"
EndProject
Project("{2150E333-8FDC-42A3-9474-1A3956D46DE8}") = "Services", "Services", "{C2960F88-EFA3-4294-A284-D450C40647DE}"
EndProject
Project("{9A19103F-16F7-4668-BE54-9A1E7A4F7556}") = "Mango.Services.CouponAPI", "Mango.Services.CouponAPI\Mango.Services.CouponAPI.csproj", "{A813723B-90D8-494D-856D-2880DD9E1091}"
EndProject
Project("{9A19103F-16F7-4668-BE54-9A1E7A4F7556}") = "Mango.Web", "Mango.Web\Mango.Web.csproj", "{8D051D34-DA34-4881-87CE-CEAAD8E549CF}"
EndProject
Project("{9A19103F-16F7-4668-BE54-9A1E7A4F7556}") = "Mango.Services.AuthAPI", "Mango.Services.AuthAPI\Mango.Services.AuthAPI.csproj", "{D477A14F-274F-4E84-9F1F-A2E24FDA33B3}"
EndProject
Project("{9A19103F-16F7-4668-BE54-9A1E7A4F7556}") = "Mango.Services.ProductAPI", "Mango.Services.ProductAPI\Mango.Services.ProductAPI.csproj", "{99680423-389A-4E2A-99B7-319BE9052737}"
EndProject
Project("{9A19103F-16F7-4668-BE54-9A1E7A4F7556}") = "Mango.Services.ShoppingCartAPI", "Mango.Services.ShoppingCartAPI\Mango.Services.ShoppingCartAPI.csproj", "{F7734413-852D-46D3-B708-D87ECA21369F}"
EndProject
Project("{9A19103F-16F7-4668-BE54-9A1E7A4F7556}") = "Mango.MessageBus", "Mango.MessageBus\Mango.MessageBus.csproj", "{9B6AF009-BEED-4A4A-841B-586C9CFC81E9}"
EndProject
Project("{9A19103F-16F7-4668-BE54-9A1E7A4F7556}") = "Mango.Services.EmailAPI", "Mango.Services.EmailAPI\Mango.Services.EmailAPI.csproj", "{5412965B-F20D-4ECC-B28E-F0CD5BBF4316}"
EndProject
Project("{9A19103F-16F7-4668-BE54-9A1E7A4F7556}") = "Mango.Services.OrderAPI", "Mango.Services.OrderAPI\Mango.Services.OrderAPI.csproj", "{2961A4C5-4C62-4CFA-9DA0-0DD3BDEA653C}"
EndProject
Project("{9A19103F-16F7-4668-BE54-9A1E7A4F7556}") = "Mango.Services.RewardAPI", "Mango.Services.RewardAPI\Mango.Services.RewardAPI.csproj", "{51666F0C-7DA8-4E0C-9374-135440FFF196}"
EndProject
Project("{FAE04EC0-301F-11D3-BF4B-00C04F79EFBC}") = "Mango.GatewaySolution", "Mango.GatewaySolution\Mango.GatewaySolution.csproj", "{125D3AC6-4559-4A0A-BFB7-46FCA73D2044}"
EndProject
Global
	GlobalSection(SolutionConfigurationPlatforms) = preSolution
		Debug|Any CPU = Debug|Any CPU
		Release|Any CPU = Release|Any CPU
	EndGlobalSection
	GlobalSection(ProjectConfigurationPlatforms) = postSolution
		{A813723B-90D8-494D-856D-2880DD9E1091}.Debug|Any CPU.ActiveCfg = Debug|Any CPU
		{A813723B-90D8-494D-856D-2880DD9E1091}.Debug|Any CPU.Build.0 = Debug|Any CPU
		{A813723B-90D8-494D-856D-2880DD9E1091}.Release|Any CPU.ActiveCfg = Release|Any CPU
		{A813723B-90D8-494D-856D-2880DD9E1091}.Release|Any CPU.Build.0 = Release|Any CPU
		{8D051D34-DA34-4881-87CE-CEAAD8E549CF}.Debug|Any CPU.ActiveCfg = Debug|Any CPU
		{8D051D34-DA34-4881-87CE-CEAAD8E549CF}.Debug|Any CPU.Build.0 = Debug|Any CPU
		{8D051D34-DA34-4881-87CE-CEAAD8E549CF}.Release|Any CPU.ActiveCfg = Release|Any CPU
		{8D051D34-DA34-4881-87CE-CEAAD8E549CF}.Release|Any CPU.Build.0 = Release|Any CPU
		{D477A14F-274F-4E84-9F1F-A2E24FDA33B3}.Debug|Any CPU.ActiveCfg = Debug|Any CPU
		{D477A14F-274F-4E84-9F1F-A2E24FDA33B3}.Debug|Any CPU.Build.0 = Debug|Any CPU
		{D477A14F-274F-4E84-9F1F-A2E24FDA33B3}.Release|Any CPU.ActiveCfg = Release|Any CPU
		{D477A14F-274F-4E84-9F1F-A2E24FDA33B3}.Release|Any CPU.Build.0 = Release|Any CPU
		{99680423-389A-4E2A-99B7-319BE9052737}.Debug|Any CPU.ActiveCfg = Debug|Any CPU
		{99680423-389A-4E2A-99B7-319BE9052737}.Debug|Any CPU.Build.0 = Debug|Any CPU
		{99680423-389A-4E2A-99B7-319BE9052737}.Release|Any CPU.ActiveCfg = Release|Any CPU
		{99680423-389A-4E2A-99B7-319BE9052737}.Release|Any CPU.Build.0 = Release|Any CPU
		{F7734413-852D-46D3-B708-D87ECA21369F}.Debug|Any CPU.ActiveCfg = Debug|Any CPU
		{F7734413-852D-46D3-B708-D87ECA21369F}.Debug|Any CPU.Build.0 = Debug|Any CPU
		{F7734413-852D-46D3-B708-D87ECA21369F}.Release|Any CPU.ActiveCfg = Release|Any CPU
		{F7734413-852D-46D3-B708-D87ECA21369F}.Release|Any CPU.Build.0 = Release|Any CPU
		{9B6AF009-BEED-4A4A-841B-586C9CFC81E9}.Debug|Any CPU.ActiveCfg = Debug|Any CPU
		{9B6AF009-BEED-4A4A-841B-586C9CFC81E9}.Debug|Any CPU.Build.0 = Debug|Any CPU
		{9B6AF009-BEED-4A4A-841B-586C9CFC81E9}.Release|Any CPU.ActiveCfg = Release|Any CPU
		{9B6AF009-BEED-4A4A-841B-586C9CFC81E9}.Release|Any CPU.Build.0 = Release|Any CPU
		{5412965B-F20D-4ECC-B28E-F0CD5BBF4316}.Debug|Any CPU.ActiveCfg = Debug|Any CPU
		{5412965B-F20D-4ECC-B28E-F0CD5BBF4316}.Debug|Any CPU.Build.0 = Debug|Any CPU
		{5412965B-F20D-4ECC-B28E-F0CD5BBF4316}.Release|Any CPU.ActiveCfg = Release|Any CPU
		{5412965B-F20D-4ECC-B28E-F0CD5BBF4316}.Release|Any CPU.Build.0 = Release|Any CPU
		{2961A4C5-4C62-4CFA-9DA0-0DD3BDEA653C}.Debug|Any CPU.ActiveCfg = Debug|Any CPU
		{2961A4C5-4C62-4CFA-9DA0-0DD3BDEA653C}.Debug|Any CPU.Build.0 = Debug|Any CPU
		{2961A4C5-4C62-4CFA-9DA0-0DD3BDEA653C}.Release|Any CPU.ActiveCfg = Release|Any CPU
		{2961A4C5-4C62-4CFA-9DA0-0DD3BDEA653C}.Release|Any CPU.Build.0 = Release|Any CPU
		{51666F0C-7DA8-4E0C-9374-135440FFF196}.Debug|Any CPU.ActiveCfg = Debug|Any CPU
		{51666F0C-7DA8-4E0C-9374-135440FFF196}.Debug|Any CPU.Build.0 = Debug|Any CPU
		{51666F0C-7DA8-4E0C-9374-135440FFF196}.Release|Any CPU.ActiveCfg = Release|Any CPU
		{51666F0C-7DA8-4E0C-9374-135440FFF196}.Release|Any CPU.Build.0 = Release|Any CPU
		{125D3AC6-4559-4A0A-BFB7-46FCA73D2044}.Debug|Any CPU.ActiveCfg = Debug|Any CPU
		{125D3AC6-4559-4A0A-BFB7-46FCA73D2044}.Debug|Any CPU.Build.0 = Debug|Any CPU
		{125D3AC6-4559-4A0A-BFB7-46FCA73D2044}.Release|Any CPU.ActiveCfg = Release|Any CPU
		{125D3AC6-4559-4A0A-BFB7-46FCA73D2044}.Release|Any CPU.Build.0 = Release|Any CPU
	EndGlobalSection
	GlobalSection(SolutionProperties) = preSolution
		HideSolutionNode = FALSE
	EndGlobalSection
	GlobalSection(NestedProjects) = preSolution
		{A813723B-90D8-494D-856D-2880DD9E1091} = {C2960F88-EFA3-4294-A284-D450C40647DE}
		{8D051D34-DA34-4881-87CE-CEAAD8E549CF} = {96D08486-9F9D-4BB8-9E4E-3ED826C6FF84}
		{D477A14F-274F-4E84-9F1F-A2E24FDA33B3} = {C2960F88-EFA3-4294-A284-D450C40647DE}
		{99680423-389A-4E2A-99B7-319BE9052737} = {C2960F88-EFA3-4294-A284-D450C40647DE}
		{F7734413-852D-46D3-B708-D87ECA21369F} = {C2960F88-EFA3-4294-A284-D450C40647DE}
		{9B6AF009-BEED-4A4A-841B-586C9CFC81E9} = {512ABF42-2BCC-4E49-8639-D7D6F96F9C56}
		{5412965B-F20D-4ECC-B28E-F0CD5BBF4316} = {C2960F88-EFA3-4294-A284-D450C40647DE}
		{2961A4C5-4C62-4CFA-9DA0-0DD3BDEA653C} = {C2960F88-EFA3-4294-A284-D450C40647DE}
		{51666F0C-7DA8-4E0C-9374-135440FFF196} = {C2960F88-EFA3-4294-A284-D450C40647DE}
		{125D3AC6-4559-4A0A-BFB7-46FCA73D2044} = {61D83CA2-E90A-4062-80B1-90744FF7BE96}
	EndGlobalSection
	GlobalSection(ExtensibilityGlobals) = postSolution
		SolutionGuid = {D24B5B05-1ACB-4E14-87C4-409B6500B110}
	EndGlobalSection
EndGlobal
